{
  "version": 4,
  "terraform_version": "1.5.7",
  "serial": 8,
  "lineage": "6d6e5305-a06e-5c15-29a5-6335b215ca3e",
  "outputs": {},
  "resources": [
    {
      "mode": "managed",
      "type": "azurerm_log_analytics_solution",
      "name": "example",
      "provider": "provider[\"registry.terraform.io/hashicorp/azurerm\"]",
      "instances": [
        {
          "schema_version": 1,
          "attributes": {
            "id": "/subscriptions/cc7b3e92-7412-47e3-abe0-b6f5315d0d09/resourceGroups/AKS-rg/providers/Microsoft.OperationsManagement/solutions/ContainerInsights(k8s-workspace-208b152673b75084)",
            "location": "westeurope",
            "plan": [
              {
                "name": "ContainerInsights(k8s-workspace-208b152673b75084)",
                "product": "OMSGallery/ContainerInsights",
                "promotion_code": "",
                "publisher": "Microsoft"
              }
            ],
            "resource_group_name": "AKS-rg",
            "solution_name": "ContainerInsights",
            "tags": {},
            "timeouts": null,
            "workspace_name": "k8s-workspace-208b152673b75084",
            "workspace_resource_id": "/subscriptions/cc7b3e92-7412-47e3-abe0-b6f5315d0d09/resourceGroups/AKS-rg/providers/Microsoft.OperationalInsights/workspaces/k8s-workspace-208b152673b75084"
          },
          "sensitive_attributes": [],
          "private": "eyJlMmJmYjczMC1lY2FhLTExZTYtOGY4OC0zNDM2M2JjN2M0YzAiOnsiY3JlYXRlIjoxODAwMDAwMDAwMDAwLCJkZWxldGUiOjE4MDAwMDAwMDAwMDAsInJlYWQiOjMwMDAwMDAwMDAwMCwidXBkYXRlIjoxODAwMDAwMDAwMDAwfSwic2NoZW1hX3ZlcnNpb24iOiIxIn0=",
          "dependencies": [
            "azurerm_log_analytics_workspace.example",
            "azurerm_resource_group.example",
            "random_id.workspace"
          ]
        }
      ]
    },
    {
      "mode": "managed",
      "type": "azurerm_log_analytics_workspace",
      "name": "example",
      "provider": "provider[\"registry.terraform.io/hashicorp/azurerm\"]",
      "instances": [
        {
          "schema_version": 3,
          "attributes": {
            "allow_resource_only_permissions": true,
            "cmk_for_query_forced": false,
            "daily_quota_gb": -1,
            "id": "/subscriptions/cc7b3e92-7412-47e3-abe0-b6f5315d0d09/resourceGroups/AKS-rg/providers/Microsoft.OperationalInsights/workspaces/k8s-workspace-208b152673b75084",
            "internet_ingestion_enabled": true,
            "internet_query_enabled": true,
            "local_authentication_disabled": false,
            "location": "westeurope",
            "name": "k8s-workspace-208b152673b75084",
            "primary_shared_key": "XpGUuz8AI0PS4nH3oHWW5YjrF5LQqeHOOC0bQdvstjuhThlqAlA5T1WLpBN9eE6bDIIufcXs9OB3BOxMJ5G48A==",
            "reservation_capacity_in_gb_per_day": null,
            "resource_group_name": "AKS-rg",
            "retention_in_days": 30,
            "secondary_shared_key": "d9F6A/HmhE/utR/S6y+lXtFQ7MkJMv74GVhncRzIeVPTq7rqhyLSinsF5nKrDVcWexw5f/v0r7rGoxqChahe6A==",
            "sku": "PerGB2018",
            "tags": {},
            "timeouts": null,
            "workspace_id": "f4a44daf-2946-4840-8c52-f22fe25c7c61"
          },
          "sensitive_attributes": [],
          "private": "eyJlMmJmYjczMC1lY2FhLTExZTYtOGY4OC0zNDM2M2JjN2M0YzAiOnsiY3JlYXRlIjoxODAwMDAwMDAwMDAwLCJkZWxldGUiOjE4MDAwMDAwMDAwMDAsInJlYWQiOjMwMDAwMDAwMDAwMCwidXBkYXRlIjoxODAwMDAwMDAwMDAwfSwic2NoZW1hX3ZlcnNpb24iOiIzIn0=",
          "dependencies": [
            "azurerm_resource_group.example",
            "random_id.workspace"
          ]
        }
      ]
    },
    {
      "mode": "managed",
      "type": "azurerm_resource_group",
      "name": "example",
      "provider": "provider[\"registry.terraform.io/hashicorp/azurerm\"]",
      "instances": [
        {
          "schema_version": 0,
          "attributes": {
            "id": "/subscriptions/cc7b3e92-7412-47e3-abe0-b6f5315d0d09/resourceGroups/AKS-rg",
            "location": "westeurope",
            "managed_by": "",
            "name": "AKS-rg",
            "tags": {},
            "timeouts": null
          },
          "sensitive_attributes": [],
          "private": "eyJlMmJmYjczMC1lY2FhLTExZTYtOGY4OC0zNDM2M2JjN2M0YzAiOnsiY3JlYXRlIjo1NDAwMDAwMDAwMDAwLCJkZWxldGUiOjU0MDAwMDAwMDAwMDAsInJlYWQiOjMwMDAwMDAwMDAwMCwidXBkYXRlIjo1NDAwMDAwMDAwMDAwfX0="
        }
      ]
    },
    {
      "mode": "managed",
      "type": "random_id",
      "name": "workspace",
      "provider": "provider[\"registry.terraform.io/hashicorp/random\"]",
      "instances": [
        {
          "schema_version": 0,
          "attributes": {
            "b64_std": "IIsVJnO3UIQ=",
            "b64_url": "IIsVJnO3UIQ",
            "byte_length": 8,
            "dec": "2344991285870809220",
            "hex": "208b152673b75084",
            "id": "IIsVJnO3UIQ",
            "keepers": {
              "group_name": "AKS-rg"
            },
            "prefix": null
          },
          "sensitive_attributes": [],
          "dependencies": [
            "azurerm_resource_group.example"
          ]
        }
      ]
    }
  ],
  "check_results": null
}
