{
  "name": "supermario",
  "version": "1.0.0",
  "lockfileVersion": 2,
  "requires": true,
  "packages": {
    "": {
      "name": "supermario",
      "version": "1.0.0",
      "license": "ISC",
      "dependencies": {
        "kaboom": "^2000.2.6"
      }
    },
    "node_modules/kaboom": {
      "version": "2000.2.6",
      "resolved": "https://registry.npmjs.org/kaboom/-/kaboom-2000.2.6.tgz",
      "integrity": "sha512-u2Yd79L/sF/tPBx36pPve+XLZZttRX6uwLuVr7KfBq5XPEm0sx3ZA0TkeELEjYNO2dddh7i/LuYwNnt1kTXJ9A=="
    }
  },
  "dependencies": {
    "kaboom": {
      "version": "2000.2.6",
      "resolved": "https://registry.npmjs.org/kaboom/-/kaboom-2000.2.6.tgz",
      "integrity": "sha512-u2Yd79L/sF/tPBx36pPve+XLZZttRX6uwLuVr7KfBq5XPEm0sx3ZA0TkeELEjYNO2dddh7i/LuYwNnt1kTXJ9A=="
    }
  }
}
